
Microsoft Visual Studio Solution File, Format Version 12.00
# Visual Studio 15
VisualStudioVersion = 15.0.28307.329
MinimumVisualStudioVersion = 10.0.40219.1
Project("{FAE04EC0-301F-11D3-BF4B-00C04F79EFBC}") = "SiteCore.Domain", "SiteCore.Domain\SiteCore.Domain.csproj", "{2F719A80-F57E-4365-9F87-3EF3D78A68F5}"
EndProject
Project("{FAE04EC0-301F-11D3-BF4B-00C04F79EFBC}") = "SiteCore.Helper", "SiteCore.Helper\SiteCore.Helper.csproj", "{529A1E36-90D7-4E62-9572-2DDC456FCD36}"
EndProject
Project("{FAE04EC0-301F-11D3-BF4B-00C04F79EFBC}") = "SiteCore.Authentication.API", "SiteCore.Authentication.API\SiteCore.Authentication.API.csproj", "{CE085078-D428-4D97-811A-7A1182D758B1}"
EndProject
Project("{FAE04EC0-301F-11D3-BF4B-00C04F79EFBC}") = "SiteCore.Authentication.Tests", "SiteCore.Authentication.Tests\SiteCore.Authentication.Tests.csproj", "{B73900EE-E2D9-41E7-9793-22320D7F7EE6}"
EndProject
Project("{FAE04EC0-301F-11D3-BF4B-00C04F79EFBC}") = "SiteCore.Web.Client", "SiteCore.Web.Client\SiteCore.Web.Client.csproj", "{500F9BC5-E512-44B6-8456-87F7FFA321C2}"
EndProject
Global
	GlobalSection(SolutionConfigurationPlatforms) = preSolution
		Debug|Any CPU = Debug|Any CPU
		Release|Any CPU = Release|Any CPU
	EndGlobalSection
	GlobalSection(ProjectConfigurationPlatforms) = postSolution
		{2F719A80-F57E-4365-9F87-3EF3D78A68F5}.Debug|Any CPU.ActiveCfg = Debug|Any CPU
		{2F719A80-F57E-4365-9F87-3EF3D78A68F5}.Debug|Any CPU.Build.0 = Debug|Any CPU
		{2F719A80-F57E-4365-9F87-3EF3D78A68F5}.Release|Any CPU.ActiveCfg = Release|Any CPU
		{2F719A80-F57E-4365-9F87-3EF3D78A68F5}.Release|Any CPU.Build.0 = Release|Any CPU
		{529A1E36-90D7-4E62-9572-2DDC456FCD36}.Debug|Any CPU.ActiveCfg = Debug|Any CPU
		{529A1E36-90D7-4E62-9572-2DDC456FCD36}.Debug|Any CPU.Build.0 = Debug|Any CPU
		{529A1E36-90D7-4E62-9572-2DDC456FCD36}.Release|Any CPU.ActiveCfg = Release|Any CPU
		{529A1E36-90D7-4E62-9572-2DDC456FCD36}.Release|Any CPU.Build.0 = Release|Any CPU
		{CE085078-D428-4D97-811A-7A1182D758B1}.Debug|Any CPU.ActiveCfg = Debug|Any CPU
		{CE085078-D428-4D97-811A-7A1182D758B1}.Debug|Any CPU.Build.0 = Debug|Any CPU
		{CE085078-D428-4D97-811A-7A1182D758B1}.Release|Any CPU.ActiveCfg = Release|Any CPU
		{CE085078-D428-4D97-811A-7A1182D758B1}.Release|Any CPU.Build.0 = Release|Any CPU
		{B73900EE-E2D9-41E7-9793-22320D7F7EE6}.Debug|Any CPU.ActiveCfg = Debug|Any CPU
		{B73900EE-E2D9-41E7-9793-22320D7F7EE6}.Debug|Any CPU.Build.0 = Debug|Any CPU
		{B73900EE-E2D9-41E7-9793-22320D7F7EE6}.Release|Any CPU.ActiveCfg = Release|Any CPU
		{B73900EE-E2D9-41E7-9793-22320D7F7EE6}.Release|Any CPU.Build.0 = Release|Any CPU
		{500F9BC5-E512-44B6-8456-87F7FFA321C2}.Debug|Any CPU.ActiveCfg = Debug|Any CPU
		{500F9BC5-E512-44B6-8456-87F7FFA321C2}.Debug|Any CPU.Build.0 = Debug|Any CPU
		{500F9BC5-E512-44B6-8456-87F7FFA321C2}.Release|Any CPU.ActiveCfg = Release|Any CPU
		{500F9BC5-E512-44B6-8456-87F7FFA321C2}.Release|Any CPU.Build.0 = Release|Any CPU
	EndGlobalSection
	GlobalSection(SolutionProperties) = preSolution
		HideSolutionNode = FALSE
	EndGlobalSection
	GlobalSection(ExtensibilityGlobals) = postSolution
		SolutionGuid = {A9262A14-5F3E-4DE4-BC34-79448355A73E}
	EndGlobalSection
EndGlobal
